
Microsoft Visual Studio Solution File, Format Version 12.00
# Visual Studio Version 17
VisualStudioVersion = 17.9.34728.123
MinimumVisualStudioVersion = 10.0.40219.1
Project("{9A19103F-16F7-4668-BE54-9A1E7A4F7556}") = "TestContainersArticle.Main", "src\TestContainersArticle.Main\TestContainersArticle.Main.csproj", "{2FCEF538-BD71-4515-B7E0-B643B42E41A9}"
EndProject
Project("{9A19103F-16F7-4668-BE54-9A1E7A4F7556}") = "TestContainersArticle.Tests", "tests\TestContainersArticle.Tests\TestContainersArticle.Tests.csproj", "{0D933967-0B6C-4A90-8D01-4C2358E26741}"
EndProject
Global
	GlobalSection(SolutionConfigurationPlatforms) = preSolution
		Debug|Any CPU = Debug|Any CPU
		Release|Any CPU = Release|Any CPU
	EndGlobalSection
	GlobalSection(ProjectConfigurationPlatforms) = postSolution
		{2FCEF538-BD71-4515-B7E0-B643B42E41A9}.Debug|Any CPU.ActiveCfg = Debug|Any CPU
		{2FCEF538-BD71-4515-B7E0-B643B42E41A9}.Debug|Any CPU.Build.0 = Debug|Any CPU
		{2FCEF538-BD71-4515-B7E0-B643B42E41A9}.Release|Any CPU.ActiveCfg = Release|Any CPU
		{2FCEF538-BD71-4515-B7E0-B643B42E41A9}.Release|Any CPU.Build.0 = Release|Any CPU
		{0D933967-0B6C-4A90-8D01-4C2358E26741}.Debug|Any CPU.ActiveCfg = Debug|Any CPU
		{0D933967-0B6C-4A90-8D01-4C2358E26741}.Debug|Any CPU.Build.0 = Debug|Any CPU
		{0D933967-0B6C-4A90-8D01-4C2358E26741}.Release|Any CPU.ActiveCfg = Release|Any CPU
		{0D933967-0B6C-4A90-8D01-4C2358E26741}.Release|Any CPU.Build.0 = Release|Any CPU
	EndGlobalSection
	GlobalSection(SolutionProperties) = preSolution
		HideSolutionNode = FALSE
	EndGlobalSection
EndGlobal
